// !$*UTF8*$!
{
	archiveVersion = 1;
	classes = {
	};
	objectVersion = 52;
	objects = {

/* Begin PBXBuildFile section */
		1649A61ACFFCBFA6EC0E3B0C /* Pods_UrbanLifePlusApp_WatchKit_App.framework in Frameworks */ = {isa = PBXBuildFile; fileRef = DA0E28654819173E85D32295 /* Pods_UrbanLifePlusApp_WatchKit_App.framework */; };
		2B011DE72474556200D44ACA /* BTView.swift in Sources */ = {isa = PBXBuildFile; fileRef = 2B011DE62474556200D44ACA /* BTView.swift */; };
		2B011DEB247456A600D44ACA /* Bluetooth.swift in Sources */ = {isa = PBXBuildFile; fileRef = 2B011DEA247456A600D44ACA /* Bluetooth.swift */; };
		2B011DEE247459E100D44ACA /* BTDeviceView.swift in Sources */ = {isa = PBXBuildFile; fileRef = 2B011DED247459E100D44ACA /* BTDeviceView.swift */; };
		2B011DF024745E1900D44ACA /* Bluetooth.swift in Sources */ = {isa = PBXBuildFile; fileRef = 2B011DEA247456A600D44ACA /* Bluetooth.swift */; };
		2B011E002474724D00D44ACA /* BTDevice.swift in Sources */ = {isa = PBXBuildFile; fileRef = 2B011DFC2474724C00D44ACA /* BTDevice.swift */; };
		2B011E012474724D00D44ACA /* BTDevice.swift in Sources */ = {isa = PBXBuildFile; fileRef = 2B011DFC2474724C00D44ACA /* BTDevice.swift */; };
		2B011E022474724D00D44ACA /* BTManager.swift in Sources */ = {isa = PBXBuildFile; fileRef = 2B011DFD2474724C00D44ACA /* BTManager.swift */; };
		2B011E032474724D00D44ACA /* BTManager.swift in Sources */ = {isa = PBXBuildFile; fileRef = 2B011DFD2474724C00D44ACA /* BTManager.swift */; };
		2B011E042474724D00D44ACA /* BTUtils.swift in Sources */ = {isa = PBXBuildFile; fileRef = 2B011DFE2474724C00D44ACA /* BTUtils.swift */; };
		2B011E052474724D00D44ACA /* BTUtils.swift in Sources */ = {isa = PBXBuildFile; fileRef = 2B011DFE2474724C00D44ACA /* BTUtils.swift */; };
		2B011E062474724D00D44ACA /* BTUUIDs.swift in Sources */ = {isa = PBXBuildFile; fileRef = 2B011DFF2474724C00D44ACA /* BTUUIDs.swift */; };
		2B011E072474724D00D44ACA /* BTUUIDs.swift in Sources */ = {isa = PBXBuildFile; fileRef = 2B011DFF2474724C00D44ACA /* BTUUIDs.swift */; };
		2B2B31FD2469B42200489C97 /* Assets.xcassets in Resources */ = {isa = PBXBuildFile; fileRef = 2B8EC88D24686C0200655D58 /* Assets.xcassets */; };
		2B2B31FE2469B44700489C97 /* Assets.xcassets in Resources */ = {isa = PBXBuildFile; fileRef = 2B8EC88D24686C0200655D58 /* Assets.xcassets */; };
		2B2E768E2471AD7100CD2D95 /* HomeView.swift in Sources */ = {isa = PBXBuildFile; fileRef = 2B2E768D2471AD7100CD2D95 /* HomeView.swift */; };
		2B2E76912471ADA300CD2D95 /* LogInView.swift in Sources */ = {isa = PBXBuildFile; fileRef = 2B2E76902471ADA300CD2D95 /* LogInView.swift */; };
		2B2E76942471B6A000CD2D95 /* StorageKey.swift in Sources */ = {isa = PBXBuildFile; fileRef = 2B2E76932471B6A000CD2D95 /* StorageKey.swift */; };
		2B2E76952471B6A000CD2D95 /* StorageKey.swift in Sources */ = {isa = PBXBuildFile; fileRef = 2B2E76932471B6A000CD2D95 /* StorageKey.swift */; };
		2B2E76972471B6BD00CD2D95 /* TransferKey.swift in Sources */ = {isa = PBXBuildFile; fileRef = 2B2E76962471B6BD00CD2D95 /* TransferKey.swift */; };
		2B2E76982471B6BD00CD2D95 /* TransferKey.swift in Sources */ = {isa = PBXBuildFile; fileRef = 2B2E76962471B6BD00CD2D95 /* TransferKey.swift */; };
		2B2E769A2471B6E400CD2D95 /* StorageHelper.swift in Sources */ = {isa = PBXBuildFile; fileRef = 2B2E76992471B6E400CD2D95 /* StorageHelper.swift */; };
		2B2E769B2471B6E400CD2D95 /* StorageHelper.swift in Sources */ = {isa = PBXBuildFile; fileRef = 2B2E76992471B6E400CD2D95 /* StorageHelper.swift */; };
		2B2E769E2471B75000CD2D95 /* Local.swift in Sources */ = {isa = PBXBuildFile; fileRef = 2B2E769D2471B75000CD2D95 /* Local.swift */; };
		2B2E769F2471B75000CD2D95 /* Local.swift in Sources */ = {isa = PBXBuildFile; fileRef = 2B2E769D2471B75000CD2D95 /* Local.swift */; };
		2B2E76A32471B78C00CD2D95 /* User.swift in Sources */ = {isa = PBXBuildFile; fileRef = 2B2E76A22471B78C00CD2D95 /* User.swift */; };
		2B2E76A42471B78C00CD2D95 /* User.swift in Sources */ = {isa = PBXBuildFile; fileRef = 2B2E76A22471B78C00CD2D95 /* User.swift */; };
		2B2E76A62471B7A700CD2D95 /* AppState.swift in Sources */ = {isa = PBXBuildFile; fileRef = 2B2E76A52471B7A700CD2D95 /* AppState.swift */; };
		2B2E76A72471B7A700CD2D95 /* AppState.swift in Sources */ = {isa = PBXBuildFile; fileRef = 2B2E76A52471B7A700CD2D95 /* AppState.swift */; };
		2B5205CF246C8C30000CA3A4 /* SessionDelegater.swift in Sources */ = {isa = PBXBuildFile; fileRef = 2B8C8A01246C273300E0BA25 /* SessionDelegater.swift */; };
		2B5205D8246ED67F000CA3A4 /* Storage.swift in Sources */ = {isa = PBXBuildFile; fileRef = 2B5205D7246ED67F000CA3A4 /* Storage.swift */; };
		2B5205DA246ED7D7000CA3A4 /* Storage.swift in Sources */ = {isa = PBXBuildFile; fileRef = 2B5205D7246ED67F000CA3A4 /* Storage.swift */; };
		2B8C893A246B2E0000E0BA25 /* Localizable.strings in Resources */ = {isa = PBXBuildFile; fileRef = 2B8EC8ED24686D3500655D58 /* Localizable.strings */; };
		2B8C8945246B2F3700E0BA25 /* CommunicationView.swift in Sources */ = {isa = PBXBuildFile; fileRef = 2B8C8944246B2F3700E0BA25 /* CommunicationView.swift */; };
		2B8C8948246B2FA600E0BA25 /* ProfileView.swift in Sources */ = {isa = PBXBuildFile; fileRef = 2B8C8947246B2FA600E0BA25 /* ProfileView.swift */; };
		2B8C8A02246C273300E0BA25 /* SessionDelegater.swift in Sources */ = {isa = PBXBuildFile; fileRef = 2B8C8A01246C273300E0BA25 /* SessionDelegater.swift */; };
		2B8C8A22246C400500E0BA25 /* SessionCommands.swift in Sources */ = {isa = PBXBuildFile; fileRef = 2B8C8A21246C400500E0BA25 /* SessionCommands.swift */; };
		2B8C8A23246C400500E0BA25 /* SessionCommands.swift in Sources */ = {isa = PBXBuildFile; fileRef = 2B8C8A21246C400500E0BA25 /* SessionCommands.swift */; };
		2B8EC88824686BFF00655D58 /* AppDelegate.swift in Sources */ = {isa = PBXBuildFile; fileRef = 2B8EC88724686BFF00655D58 /* AppDelegate.swift */; };
		2B8EC88A24686BFF00655D58 /* SceneDelegate.swift in Sources */ = {isa = PBXBuildFile; fileRef = 2B8EC88924686BFF00655D58 /* SceneDelegate.swift */; };
		2B8EC88C24686BFF00655D58 /* ContentView.swift in Sources */ = {isa = PBXBuildFile; fileRef = 2B8EC88B24686BFF00655D58 /* ContentView.swift */; };
		2B8EC88E24686C0200655D58 /* Assets.xcassets in Resources */ = {isa = PBXBuildFile; fileRef = 2B8EC88D24686C0200655D58 /* Assets.xcassets */; };
		2B8EC89124686C0200655D58 /* Preview Assets.xcassets in Resources */ = {isa = PBXBuildFile; fileRef = 2B8EC89024686C0200655D58 /* Preview Assets.xcassets */; };
		2B8EC89424686C0200655D58 /* LaunchScreen.storyboard in Resources */ = {isa = PBXBuildFile; fileRef = 2B8EC89224686C0200655D58 /* LaunchScreen.storyboard */; };
		2B8EC8AA24686C0200655D58 /* UrbanLifePlusAppUITests.swift in Sources */ = {isa = PBXBuildFile; fileRef = 2B8EC8A924686C0200655D58 /* UrbanLifePlusAppUITests.swift */; };
		2B8EC8AF24686C0200655D58 /* UrbanLifePlusApp WatchKit App.app in Embed Watch Content */ = {isa = PBXBuildFile; fileRef = 2B8EC8AE24686C0200655D58 /* UrbanLifePlusApp WatchKit App.app */; platformFilter = ios; settings = {ATTRIBUTES = (RemoveHeadersOnCopy, ); }; };
		2B8EC8B524686C0200655D58 /* Interface.storyboard in Resources */ = {isa = PBXBuildFile; fileRef = 2B8EC8B324686C0200655D58 /* Interface.storyboard */; };
		2B8EC8BE24686C0300655D58 /* UrbanLifePlusApp WatchKit Extension.appex in Embed App Extensions */ = {isa = PBXBuildFile; fileRef = 2B8EC8BD24686C0300655D58 /* UrbanLifePlusApp WatchKit Extension.appex */; settings = {ATTRIBUTES = (RemoveHeadersOnCopy, ); }; };
		2B8EC8C324686C0300655D58 /* ContentView.swift in Sources */ = {isa = PBXBuildFile; fileRef = 2B8EC8C224686C0300655D58 /* ContentView.swift */; };
		2B8EC8C524686C0300655D58 /* HostingController.swift in Sources */ = {isa = PBXBuildFile; fileRef = 2B8EC8C424686C0300655D58 /* HostingController.swift */; };
		2B8EC8C724686C0300655D58 /* ExtensionDelegate.swift in Sources */ = {isa = PBXBuildFile; fileRef = 2B8EC8C624686C0300655D58 /* ExtensionDelegate.swift */; };
		2B8EC8C924686C0300655D58 /* NotificationController.swift in Sources */ = {isa = PBXBuildFile; fileRef = 2B8EC8C824686C0300655D58 /* NotificationController.swift */; };
		2B8EC8CB24686C0300655D58 /* NotificationView.swift in Sources */ = {isa = PBXBuildFile; fileRef = 2B8EC8CA24686C0300655D58 /* NotificationView.swift */; };
		2B8EC8D024686C0400655D58 /* Preview Assets.xcassets in Resources */ = {isa = PBXBuildFile; fileRef = 2B8EC8CF24686C0400655D58 /* Preview Assets.xcassets */; };
		2B8EC8EA24686D3500655D58 /* Localizable.strings in Resources */ = {isa = PBXBuildFile; fileRef = 2B8EC8ED24686D3500655D58 /* Localizable.strings */; };
		2B8EC8F22468777100655D58 /* LogInView.swift in Sources */ = {isa = PBXBuildFile; fileRef = 2B8EC8F12468777100655D58 /* LogInView.swift */; };
		2B8EC8F52468799A00655D58 /* SnapshotHelper.swift in Sources */ = {isa = PBXBuildFile; fileRef = 2B8EC8F42468799A00655D58 /* SnapshotHelper.swift */; };
		2B90260D2469C99C00C30CC4 /* EnvironmentWindowKey.swift in Sources */ = {isa = PBXBuildFile; fileRef = 2B9026082469C99C00C30CC4 /* EnvironmentWindowKey.swift */; };
		2B9026152469C99C00C30CC4 /* SignInWithAppleDelegates.swift in Sources */ = {isa = PBXBuildFile; fileRef = 2B90260C2469C99C00C30CC4 /* SignInWithAppleDelegates.swift */; };
		2B9026202469D0DB00C30CC4 /* HomeView.swift in Sources */ = {isa = PBXBuildFile; fileRef = 2B90261F2469D0DB00C30CC4 /* HomeView.swift */; };
		2B90C7BB2471955800AF8704 /* NukeInstructionsView.swift in Sources */ = {isa = PBXBuildFile; fileRef = 2B90C7BA2471955800AF8704 /* NukeInstructionsView.swift */; };
		2B90C7BD2471998C00AF8704 /* NukedView.swift in Sources */ = {isa = PBXBuildFile; fileRef = 2B90C7BC2471998C00AF8704 /* NukedView.swift */; };
		2BE0FC2B2469DECB00196821 /* SignInWithAppleButton.swift in Sources */ = {isa = PBXBuildFile; fileRef = 2BE0FC2A2469DECB00196821 /* SignInWithAppleButton.swift */; };
		2BE0FC32246AEC0B00196821 /* Keychain.swift in Sources */ = {isa = PBXBuildFile; fileRef = 2BE0FC31246AEC0B00196821 /* Keychain.swift */; };
		2BE0FC35246B05F700196821 /* SettingsView.swift in Sources */ = {isa = PBXBuildFile; fileRef = 2BE0FC34246B05F700196821 /* SettingsView.swift */; };
		2BE0FC37246B141300196821 /* DevView.swift in Sources */ = {isa = PBXBuildFile; fileRef = 2BE0FC36246B141300196821 /* DevView.swift */; };
		41FCA5233F163420833D9A9B /* Pods_UrbanLifePlusApp_AutomatedSnapshots.framework in Frameworks */ = {isa = PBXBuildFile; fileRef = 59963024D6B536A62D2B0C68 /* Pods_UrbanLifePlusApp_AutomatedSnapshots.framework */; };
		D16EDB12C4704F7ED9EEBA69 /* Pods_UrbanLifePlusApp.framework in Frameworks */ = {isa = PBXBuildFile; fileRef = E7924BBFCCD132362689227F /* Pods_UrbanLifePlusApp.framework */; };
		E4724F5522A87590254C4918 /* Pods_UrbanLifePlusApp_WatchKit_Extension.framework in Frameworks */ = {isa = PBXBuildFile; fileRef = FE76C077B2B1A847BA72C942 /* Pods_UrbanLifePlusApp_WatchKit_Extension.framework */; };
/* End PBXBuildFile section */

/* Begin PBXContainerItemProxy section */
		2B8EC8A624686C0200655D58 /* PBXContainerItemProxy */ = {
			isa = PBXContainerItemProxy;
			containerPortal = 2B8EC87C24686BFF00655D58 /* Project object */;
			proxyType = 1;
			remoteGlobalIDString = 2B8EC88324686BFF00655D58;
			remoteInfo = UrbanLifePlusApp;
		};
		2B8EC8B024686C0200655D58 /* PBXContainerItemProxy */ = {
			isa = PBXContainerItemProxy;
			containerPortal = 2B8EC87C24686BFF00655D58 /* Project object */;
			proxyType = 1;
			remoteGlobalIDString = 2B8EC8AD24686C0200655D58;
			remoteInfo = "UrbanLifePlusApp WatchKit App";
		};
		2B8EC8BF24686C0300655D58 /* PBXContainerItemProxy */ = {
			isa = PBXContainerItemProxy;
			containerPortal = 2B8EC87C24686BFF00655D58 /* Project object */;
			proxyType = 1;
			remoteGlobalIDString = 2B8EC8BC24686C0300655D58;
			remoteInfo = "UrbanLifePlusApp WatchKit Extension";
		};
/* End PBXContainerItemProxy section */

/* Begin PBXCopyFilesBuildPhase section */
		2B8EC8D824686C0400655D58 /* Embed App Extensions */ = {
			isa = PBXCopyFilesBuildPhase;
			buildActionMask = 2147483647;
			dstPath = "";
			dstSubfolderSpec = 13;
			files = (
				2B8EC8BE24686C0300655D58 /* UrbanLifePlusApp WatchKit Extension.appex in Embed App Extensions */,
			);
			name = "Embed App Extensions";
			runOnlyForDeploymentPostprocessing = 0;
		};
		2B8EC8DC24686C0400655D58 /* Embed Watch Content */ = {
			isa = PBXCopyFilesBuildPhase;
			buildActionMask = 2147483647;
			dstPath = "$(CONTENTS_FOLDER_PATH)/Watch";
			dstSubfolderSpec = 16;
			files = (
				2B8EC8AF24686C0200655D58 /* UrbanLifePlusApp WatchKit App.app in Embed Watch Content */,
			);
			name = "Embed Watch Content";
			runOnlyForDeploymentPostprocessing = 0;
		};
/* End PBXCopyFilesBuildPhase section */

/* Begin PBXFileReference section */
		0FAEBA1EF81C11B961BDADF7 /* Pods-UrbanLifePlusAppTests.release.xcconfig */ = {isa = PBXFileReference; includeInIndex = 1; lastKnownFileType = text.xcconfig; name = "Pods-UrbanLifePlusAppTests.release.xcconfig"; path = "Target Support Files/Pods-UrbanLifePlusAppTests/Pods-UrbanLifePlusAppTests.release.xcconfig"; sourceTree = "<group>"; };
		1D215ADF38DA80507FC22F99 /* Pods-UrbanLifePlusApp WatchKit Extension.debug.xcconfig */ = {isa = PBXFileReference; includeInIndex = 1; lastKnownFileType = text.xcconfig; name = "Pods-UrbanLifePlusApp WatchKit Extension.debug.xcconfig"; path = "Target Support Files/Pods-UrbanLifePlusApp WatchKit Extension/Pods-UrbanLifePlusApp WatchKit Extension.debug.xcconfig"; sourceTree = "<group>"; };
		21E18DF0ED5F582DB651EAA4 /* Pods-UrbanLifePlusApp WatchKit App.debug.xcconfig */ = {isa = PBXFileReference; includeInIndex = 1; lastKnownFileType = text.xcconfig; name = "Pods-UrbanLifePlusApp WatchKit App.debug.xcconfig"; path = "Target Support Files/Pods-UrbanLifePlusApp WatchKit App/Pods-UrbanLifePlusApp WatchKit App.debug.xcconfig"; sourceTree = "<group>"; };
		2A06D71F1A68A2E5687C90DC /* Pods-UrbanLifePlusApp-UrbanLifePlusAppUITests.debug.xcconfig */ = {isa = PBXFileReference; includeInIndex = 1; lastKnownFileType = text.xcconfig; name = "Pods-UrbanLifePlusApp-UrbanLifePlusAppUITests.debug.xcconfig"; path = "Target Support Files/Pods-UrbanLifePlusApp-UrbanLifePlusAppUITests/Pods-UrbanLifePlusApp-UrbanLifePlusAppUITests.debug.xcconfig"; sourceTree = "<group>"; };
		2B011DE62474556200D44ACA /* BTView.swift */ = {isa = PBXFileReference; lastKnownFileType = sourcecode.swift; path = BTView.swift; sourceTree = "<group>"; };
		2B011DEA247456A600D44ACA /* Bluetooth.swift */ = {isa = PBXFileReference; lastKnownFileType = sourcecode.swift; path = Bluetooth.swift; sourceTree = "<group>"; };
		2B011DED247459E100D44ACA /* BTDeviceView.swift */ = {isa = PBXFileReference; lastKnownFileType = sourcecode.swift; path = BTDeviceView.swift; sourceTree = "<group>"; };
		2B011DFC2474724C00D44ACA /* BTDevice.swift */ = {isa = PBXFileReference; fileEncoding = 4; lastKnownFileType = sourcecode.swift; path = BTDevice.swift; sourceTree = "<group>"; };
		2B011DFD2474724C00D44ACA /* BTManager.swift */ = {isa = PBXFileReference; fileEncoding = 4; lastKnownFileType = sourcecode.swift; path = BTManager.swift; sourceTree = "<group>"; };
		2B011DFE2474724C00D44ACA /* BTUtils.swift */ = {isa = PBXFileReference; fileEncoding = 4; lastKnownFileType = sourcecode.swift; path = BTUtils.swift; sourceTree = "<group>"; };
		2B011DFF2474724C00D44ACA /* BTUUIDs.swift */ = {isa = PBXFileReference; fileEncoding = 4; lastKnownFileType = sourcecode.swift; path = BTUUIDs.swift; sourceTree = "<group>"; };
		2B2E768D2471AD7100CD2D95 /* HomeView.swift */ = {isa = PBXFileReference; lastKnownFileType = sourcecode.swift; path = HomeView.swift; sourceTree = "<group>"; };
		2B2E76902471ADA300CD2D95 /* LogInView.swift */ = {isa = PBXFileReference; lastKnownFileType = sourcecode.swift; path = LogInView.swift; sourceTree = "<group>"; };
		2B2E76932471B6A000CD2D95 /* StorageKey.swift */ = {isa = PBXFileReference; lastKnownFileType = sourcecode.swift; path = StorageKey.swift; sourceTree = "<group>"; };
		2B2E76962471B6BD00CD2D95 /* TransferKey.swift */ = {isa = PBXFileReference; lastKnownFileType = sourcecode.swift; path = TransferKey.swift; sourceTree = "<group>"; };
		2B2E76992471B6E400CD2D95 /* StorageHelper.swift */ = {isa = PBXFileReference; lastKnownFileType = sourcecode.swift; path = StorageHelper.swift; sourceTree = "<group>"; };
		2B2E769D2471B75000CD2D95 /* Local.swift */ = {isa = PBXFileReference; lastKnownFileType = sourcecode.swift; path = Local.swift; sourceTree = "<group>"; };
		2B2E76A22471B78C00CD2D95 /* User.swift */ = {isa = PBXFileReference; lastKnownFileType = sourcecode.swift; path = User.swift; sourceTree = "<group>"; };
		2B2E76A52471B7A700CD2D95 /* AppState.swift */ = {isa = PBXFileReference; lastKnownFileType = sourcecode.swift; path = AppState.swift; sourceTree = "<group>"; };
		2B5205D1246DB3D2000CA3A4 /* MyPlayground.playground */ = {isa = PBXFileReference; lastKnownFileType = file.playground; path = MyPlayground.playground; sourceTree = "<group>"; xcLanguageSpecificationIdentifier = xcode.lang.swift; };
		2B5205D2246DD161000CA3A4 /* README.md */ = {isa = PBXFileReference; fileEncoding = 4; lastKnownFileType = net.daringfireball.markdown; path = README.md; sourceTree = "<group>"; };
		2B5205D7246ED67F000CA3A4 /* Storage.swift */ = {isa = PBXFileReference; lastKnownFileType = sourcecode.swift; path = Storage.swift; sourceTree = "<group>"; };
		2B5205DB246EE9E4000CA3A4 /* MyPlaygroundSwiftUI.playground */ = {isa = PBXFileReference; lastKnownFileType = file.playground; path = MyPlaygroundSwiftUI.playground; sourceTree = "<group>"; xcLanguageSpecificationIdentifier = xcode.lang.swift; };
		2B8C8944246B2F3700E0BA25 /* CommunicationView.swift */ = {isa = PBXFileReference; lastKnownFileType = sourcecode.swift; path = CommunicationView.swift; sourceTree = "<group>"; };
		2B8C8947246B2FA600E0BA25 /* ProfileView.swift */ = {isa = PBXFileReference; lastKnownFileType = sourcecode.swift; path = ProfileView.swift; sourceTree = "<group>"; };
		2B8C8A01246C273300E0BA25 /* SessionDelegater.swift */ = {isa = PBXFileReference; lastKnownFileType = sourcecode.swift; path = SessionDelegater.swift; sourceTree = "<group>"; };
		2B8C8A21246C400500E0BA25 /* SessionCommands.swift */ = {isa = PBXFileReference; lastKnownFileType = sourcecode.swift; path = SessionCommands.swift; sourceTree = "<group>"; };
		2B8EC88424686BFF00655D58 /* UrbanLifePlusApp.app */ = {isa = PBXFileReference; explicitFileType = wrapper.application; includeInIndex = 0; path = UrbanLifePlusApp.app; sourceTree = BUILT_PRODUCTS_DIR; };
		2B8EC88724686BFF00655D58 /* AppDelegate.swift */ = {isa = PBXFileReference; lastKnownFileType = sourcecode.swift; path = AppDelegate.swift; sourceTree = "<group>"; };
		2B8EC88924686BFF00655D58 /* SceneDelegate.swift */ = {isa = PBXFileReference; lastKnownFileType = sourcecode.swift; path = SceneDelegate.swift; sourceTree = "<group>"; };
		2B8EC88B24686BFF00655D58 /* ContentView.swift */ = {isa = PBXFileReference; lastKnownFileType = sourcecode.swift; path = ContentView.swift; sourceTree = "<group>"; };
		2B8EC88D24686C0200655D58 /* Assets.xcassets */ = {isa = PBXFileReference; lastKnownFileType = folder.assetcatalog; path = Assets.xcassets; sourceTree = "<group>"; };
		2B8EC89024686C0200655D58 /* Preview Assets.xcassets */ = {isa = PBXFileReference; lastKnownFileType = folder.assetcatalog; path = "Preview Assets.xcassets"; sourceTree = "<group>"; };
		2B8EC89324686C0200655D58 /* Base */ = {isa = PBXFileReference; lastKnownFileType = file.storyboard; name = Base; path = Base.lproj/LaunchScreen.storyboard; sourceTree = "<group>"; };
		2B8EC89524686C0200655D58 /* Info.plist */ = {isa = PBXFileReference; lastKnownFileType = text.plist.xml; path = Info.plist; sourceTree = "<group>"; };
		2B8EC8A524686C0200655D58 /* AutomatedSnapshots.xctest */ = {isa = PBXFileReference; explicitFileType = wrapper.cfbundle; includeInIndex = 0; path = AutomatedSnapshots.xctest; sourceTree = BUILT_PRODUCTS_DIR; };
		2B8EC8A924686C0200655D58 /* UrbanLifePlusAppUITests.swift */ = {isa = PBXFileReference; lastKnownFileType = sourcecode.swift; path = UrbanLifePlusAppUITests.swift; sourceTree = "<group>"; };
		2B8EC8AB24686C0200655D58 /* Info.plist */ = {isa = PBXFileReference; lastKnownFileType = text.plist.xml; path = Info.plist; sourceTree = "<group>"; };
		2B8EC8AE24686C0200655D58 /* UrbanLifePlusApp WatchKit App.app */ = {isa = PBXFileReference; explicitFileType = wrapper.application; includeInIndex = 0; path = "UrbanLifePlusApp WatchKit App.app"; sourceTree = BUILT_PRODUCTS_DIR; };
		2B8EC8B424686C0200655D58 /* Base */ = {isa = PBXFileReference; lastKnownFileType = file.storyboard; name = Base; path = Base.lproj/Interface.storyboard; sourceTree = "<group>"; };
		2B8EC8B824686C0300655D58 /* Info.plist */ = {isa = PBXFileReference; lastKnownFileType = text.plist.xml; path = Info.plist; sourceTree = "<group>"; };
		2B8EC8BD24686C0300655D58 /* UrbanLifePlusApp WatchKit Extension.appex */ = {isa = PBXFileReference; explicitFileType = "wrapper.app-extension"; includeInIndex = 0; path = "UrbanLifePlusApp WatchKit Extension.appex"; sourceTree = BUILT_PRODUCTS_DIR; };
		2B8EC8C224686C0300655D58 /* ContentView.swift */ = {isa = PBXFileReference; lastKnownFileType = sourcecode.swift; path = ContentView.swift; sourceTree = "<group>"; };
		2B8EC8C424686C0300655D58 /* HostingController.swift */ = {isa = PBXFileReference; lastKnownFileType = sourcecode.swift; path = HostingController.swift; sourceTree = "<group>"; };
		2B8EC8C624686C0300655D58 /* ExtensionDelegate.swift */ = {isa = PBXFileReference; lastKnownFileType = sourcecode.swift; path = ExtensionDelegate.swift; sourceTree = "<group>"; };
		2B8EC8C824686C0300655D58 /* NotificationController.swift */ = {isa = PBXFileReference; lastKnownFileType = sourcecode.swift; path = NotificationController.swift; sourceTree = "<group>"; };
		2B8EC8CA24686C0300655D58 /* NotificationView.swift */ = {isa = PBXFileReference; lastKnownFileType = sourcecode.swift; path = NotificationView.swift; sourceTree = "<group>"; };
		2B8EC8CF24686C0400655D58 /* Preview Assets.xcassets */ = {isa = PBXFileReference; lastKnownFileType = folder.assetcatalog; path = "Preview Assets.xcassets"; sourceTree = "<group>"; };
		2B8EC8D124686C0400655D58 /* Info.plist */ = {isa = PBXFileReference; lastKnownFileType = text.plist.xml; path = Info.plist; sourceTree = "<group>"; };
		2B8EC8D224686C0400655D58 /* PushNotificationPayload.apns */ = {isa = PBXFileReference; lastKnownFileType = text; path = PushNotificationPayload.apns; sourceTree = "<group>"; };
		2B8EC8EE24686D3F00655D58 /* de */ = {isa = PBXFileReference; lastKnownFileType = text.plist.strings; name = de; path = de.lproj/Localizable.strings; sourceTree = "<group>"; };
		2B8EC8F12468777100655D58 /* LogInView.swift */ = {isa = PBXFileReference; lastKnownFileType = sourcecode.swift; path = LogInView.swift; sourceTree = "<group>"; };
		2B8EC8F42468799A00655D58 /* SnapshotHelper.swift */ = {isa = PBXFileReference; fileEncoding = 4; lastKnownFileType = sourcecode.swift; name = SnapshotHelper.swift; path = fastlane/SnapshotHelper.swift; sourceTree = SOURCE_ROOT; };
		2B9026082469C99C00C30CC4 /* EnvironmentWindowKey.swift */ = {isa = PBXFileReference; fileEncoding = 4; lastKnownFileType = sourcecode.swift; path = EnvironmentWindowKey.swift; sourceTree = "<group>"; };
		2B90260C2469C99C00C30CC4 /* SignInWithAppleDelegates.swift */ = {isa = PBXFileReference; fileEncoding = 4; lastKnownFileType = sourcecode.swift; path = SignInWithAppleDelegates.swift; sourceTree = "<group>"; };
		2B90261C2469CC7800C30CC4 /* UrbanLifePlusApp WatchKit App.entitlements */ = {isa = PBXFileReference; lastKnownFileType = text.plist.entitlements; path = "UrbanLifePlusApp WatchKit App.entitlements"; sourceTree = "<group>"; };
		2B90261D2469CD2500C30CC4 /* UrbanLifePlusApp WatchKit Extension.entitlements */ = {isa = PBXFileReference; lastKnownFileType = text.plist.entitlements; path = "UrbanLifePlusApp WatchKit Extension.entitlements"; sourceTree = "<group>"; };
		2B90261E2469CD2B00C30CC4 /* UrbanLifePlusApp.entitlements */ = {isa = PBXFileReference; lastKnownFileType = text.plist.entitlements; path = UrbanLifePlusApp.entitlements; sourceTree = "<group>"; };
		2B90261F2469D0DB00C30CC4 /* HomeView.swift */ = {isa = PBXFileReference; lastKnownFileType = sourcecode.swift; path = HomeView.swift; sourceTree = "<group>"; };
		2B90C7BA2471955800AF8704 /* NukeInstructionsView.swift */ = {isa = PBXFileReference; lastKnownFileType = sourcecode.swift; name = NukeInstructionsView.swift; path = "UrbanLifePlusApp/Views/Main Views/SupportingViews/NukeInstructionsView.swift"; sourceTree = SOURCE_ROOT; };
		2B90C7BC2471998C00AF8704 /* NukedView.swift */ = {isa = PBXFileReference; lastKnownFileType = sourcecode.swift; path = NukedView.swift; sourceTree = "<group>"; };
		2BCE2339246B238E0083E5B1 /* SignInWithAppleButtonWatch.swift */ = {isa = PBXFileReference; lastKnownFileType = sourcecode.swift; path = SignInWithAppleButtonWatch.swift; sourceTree = "<group>"; };
		2BE0FC2A2469DECB00196821 /* SignInWithAppleButton.swift */ = {isa = PBXFileReference; lastKnownFileType = sourcecode.swift; path = SignInWithAppleButton.swift; sourceTree = "<group>"; };
		2BE0FC31246AEC0B00196821 /* Keychain.swift */ = {isa = PBXFileReference; fileEncoding = 4; lastKnownFileType = sourcecode.swift; path = Keychain.swift; sourceTree = "<group>"; };
		2BE0FC34246B05F700196821 /* SettingsView.swift */ = {isa = PBXFileReference; lastKnownFileType = sourcecode.swift; path = SettingsView.swift; sourceTree = "<group>"; };
		2BE0FC36246B141300196821 /* DevView.swift */ = {isa = PBXFileReference; lastKnownFileType = sourcecode.swift; path = DevView.swift; sourceTree = "<group>"; };
		38333B1EA48030501F852D9D /* Pods-UrbanLifePlusApp WatchKit Extension.release.xcconfig */ = {isa = PBXFileReference; includeInIndex = 1; lastKnownFileType = text.xcconfig; name = "Pods-UrbanLifePlusApp WatchKit Extension.release.xcconfig"; path = "Target Support Files/Pods-UrbanLifePlusApp WatchKit Extension/Pods-UrbanLifePlusApp WatchKit Extension.release.xcconfig"; sourceTree = "<group>"; };
		4E07A62D6FCF71D5027B3477 /* Pods-UrbanLifePlusApp-AutomatedSnapshots.release.xcconfig */ = {isa = PBXFileReference; includeInIndex = 1; lastKnownFileType = text.xcconfig; name = "Pods-UrbanLifePlusApp-AutomatedSnapshots.release.xcconfig"; path = "Target Support Files/Pods-UrbanLifePlusApp-AutomatedSnapshots/Pods-UrbanLifePlusApp-AutomatedSnapshots.release.xcconfig"; sourceTree = "<group>"; };
		59963024D6B536A62D2B0C68 /* Pods_UrbanLifePlusApp_AutomatedSnapshots.framework */ = {isa = PBXFileReference; explicitFileType = wrapper.framework; includeInIndex = 0; path = Pods_UrbanLifePlusApp_AutomatedSnapshots.framework; sourceTree = BUILT_PRODUCTS_DIR; };
		73C1C329E1B419D4F8945210 /* Pods_UrbanLifePlusAppTests.framework */ = {isa = PBXFileReference; explicitFileType = wrapper.framework; includeInIndex = 0; path = Pods_UrbanLifePlusAppTests.framework; sourceTree = BUILT_PRODUCTS_DIR; };
		91CB57E6D225F7FDAB94DB19 /* Pods-UrbanLifePlusApp WatchKit App.release.xcconfig */ = {isa = PBXFileReference; includeInIndex = 1; lastKnownFileType = text.xcconfig; name = "Pods-UrbanLifePlusApp WatchKit App.release.xcconfig"; path = "Target Support Files/Pods-UrbanLifePlusApp WatchKit App/Pods-UrbanLifePlusApp WatchKit App.release.xcconfig"; sourceTree = "<group>"; };
		9D59B43458235EB3B9AB0088 /* Pods-UrbanLifePlusApp-AutomatedSnapshots.debug.xcconfig */ = {isa = PBXFileReference; includeInIndex = 1; lastKnownFileType = text.xcconfig; name = "Pods-UrbanLifePlusApp-AutomatedSnapshots.debug.xcconfig"; path = "Target Support Files/Pods-UrbanLifePlusApp-AutomatedSnapshots/Pods-UrbanLifePlusApp-AutomatedSnapshots.debug.xcconfig"; sourceTree = "<group>"; };
		A07D8ECB02CD283CF5856D33 /* Pods-UrbanLifePlusApp-UrbanLifePlusAppUITests.release.xcconfig */ = {isa = PBXFileReference; includeInIndex = 1; lastKnownFileType = text.xcconfig; name = "Pods-UrbanLifePlusApp-UrbanLifePlusAppUITests.release.xcconfig"; path = "Target Support Files/Pods-UrbanLifePlusApp-UrbanLifePlusAppUITests/Pods-UrbanLifePlusApp-UrbanLifePlusAppUITests.release.xcconfig"; sourceTree = "<group>"; };
		B1B23DE3145D5CFE4A1098AD /* Pods-UrbanLifePlusApp.release.xcconfig */ = {isa = PBXFileReference; includeInIndex = 1; lastKnownFileType = text.xcconfig; name = "Pods-UrbanLifePlusApp.release.xcconfig"; path = "Target Support Files/Pods-UrbanLifePlusApp/Pods-UrbanLifePlusApp.release.xcconfig"; sourceTree = "<group>"; };
		B8DD9E8A3F4E8456EE634ECC /* Pods-UrbanLifePlusApp.debug.xcconfig */ = {isa = PBXFileReference; includeInIndex = 1; lastKnownFileType = text.xcconfig; name = "Pods-UrbanLifePlusApp.debug.xcconfig"; path = "Target Support Files/Pods-UrbanLifePlusApp/Pods-UrbanLifePlusApp.debug.xcconfig"; sourceTree = "<group>"; };
		DA0E28654819173E85D32295 /* Pods_UrbanLifePlusApp_WatchKit_App.framework */ = {isa = PBXFileReference; explicitFileType = wrapper.framework; includeInIndex = 0; path = Pods_UrbanLifePlusApp_WatchKit_App.framework; sourceTree = BUILT_PRODUCTS_DIR; };
		E7924BBFCCD132362689227F /* Pods_UrbanLifePlusApp.framework */ = {isa = PBXFileReference; explicitFileType = wrapper.framework; includeInIndex = 0; path = Pods_UrbanLifePlusApp.framework; sourceTree = BUILT_PRODUCTS_DIR; };
		FE76C077B2B1A847BA72C942 /* Pods_UrbanLifePlusApp_WatchKit_Extension.framework */ = {isa = PBXFileReference; explicitFileType = wrapper.framework; includeInIndex = 0; path = Pods_UrbanLifePlusApp_WatchKit_Extension.framework; sourceTree = BUILT_PRODUCTS_DIR; };
		FF773A723B789E2A6FDC8C70 /* Pods-UrbanLifePlusAppTests.debug.xcconfig */ = {isa = PBXFileReference; includeInIndex = 1; lastKnownFileType = text.xcconfig; name = "Pods-UrbanLifePlusAppTests.debug.xcconfig"; path = "Target Support Files/Pods-UrbanLifePlusAppTests/Pods-UrbanLifePlusAppTests.debug.xcconfig"; sourceTree = "<group>"; };
/* End PBXFileReference section */

/* Begin PBXFrameworksBuildPhase section */
		2B8EC88124686BFF00655D58 /* Frameworks */ = {
			isa = PBXFrameworksBuildPhase;
			buildActionMask = 2147483647;
			files = (
				D16EDB12C4704F7ED9EEBA69 /* Pods_UrbanLifePlusApp.framework in Frameworks */,
			);
			runOnlyForDeploymentPostprocessing = 0;
		};
		2B8EC8A224686C0200655D58 /* Frameworks */ = {
			isa = PBXFrameworksBuildPhase;
			buildActionMask = 2147483647;
			files = (
				41FCA5233F163420833D9A9B /* Pods_UrbanLifePlusApp_AutomatedSnapshots.framework in Frameworks */,
			);
			runOnlyForDeploymentPostprocessing = 0;
		};
		2B8EC8BA24686C0300655D58 /* Frameworks */ = {
			isa = PBXFrameworksBuildPhase;
			buildActionMask = 2147483647;
			files = (
				E4724F5522A87590254C4918 /* Pods_UrbanLifePlusApp_WatchKit_Extension.framework in Frameworks */,
			);
			runOnlyForDeploymentPostprocessing = 0;
		};
		9F2D2FBC3741FF7A14FB27BD /* Frameworks */ = {
			isa = PBXFrameworksBuildPhase;
			buildActionMask = 2147483647;
			files = (
				1649A61ACFFCBFA6EC0E3B0C /* Pods_UrbanLifePlusApp_WatchKit_App.framework in Frameworks */,
			);
			runOnlyForDeploymentPostprocessing = 0;
		};
/* End PBXFrameworksBuildPhase section */

/* Begin PBXGroup section */
		2B011DD9247450BF00D44ACA /* Bluetooth */ = {
			isa = PBXGroup;
			children = (
				2B011DEA247456A600D44ACA /* Bluetooth.swift */,
				2B011DE92474568D00D44ACA /* Sample files */,
			);
			path = Bluetooth;
			sourceTree = "<group>";
		};
		2B011DE92474568D00D44ACA /* Sample files */ = {
			isa = PBXGroup;
			children = (
				2B011DFC2474724C00D44ACA /* BTDevice.swift */,
				2B011DFD2474724C00D44ACA /* BTManager.swift */,
				2B011DFE2474724C00D44ACA /* BTUtils.swift */,
				2B011DFF2474724C00D44ACA /* BTUUIDs.swift */,
			);
			path = "Sample files";
			sourceTree = "<group>";
		};
		2B2E768C2471AD6100CD2D95 /* Main Views */ = {
			isa = PBXGroup;
			children = (
				2B2E768D2471AD7100CD2D95 /* HomeView.swift */,
				2B2E768F2471AD8700CD2D95 /* SubViews */,
			);
			path = "Main Views";
			sourceTree = "<group>";
		};
		2B2E768F2471AD8700CD2D95 /* SubViews */ = {
			isa = PBXGroup;
			children = (
				2B2E76902471ADA300CD2D95 /* LogInView.swift */,
			);
			path = SubViews;
			sourceTree = "<group>";
		};
		2B2E76922471B68200CD2D95 /* Keys */ = {
			isa = PBXGroup;
			children = (
				2B2E76932471B6A000CD2D95 /* StorageKey.swift */,
				2B2E76962471B6BD00CD2D95 /* TransferKey.swift */,
			);
			path = Keys;
			sourceTree = "<group>";
		};
		2B2E76A12471B78000CD2D95 /* Types */ = {
			isa = PBXGroup;
			children = (
				2B2E76A22471B78C00CD2D95 /* User.swift */,
				2B2E76A52471B7A700CD2D95 /* AppState.swift */,
				2B2E769D2471B75000CD2D95 /* Local.swift */,
			);
			path = Types;
			sourceTree = "<group>";
		};
		2B2E76A82471B82200CD2D95 /* WatchCommunication */ = {
			isa = PBXGroup;
			children = (
				2B8C8A21246C400500E0BA25 /* SessionCommands.swift */,
				2B8C8A01246C273300E0BA25 /* SessionDelegater.swift */,
			);
			path = WatchCommunication;
			sourceTree = "<group>";
		};
		2B5205D6246ED66A000CA3A4 /* Storage */ = {
			isa = PBXGroup;
			children = (
				2B5205D7246ED67F000CA3A4 /* Storage.swift */,
				2B2E76992471B6E400CD2D95 /* StorageHelper.swift */,
				2B2E76A12471B78000CD2D95 /* Types */,
			);
			path = Storage;
			sourceTree = "<group>";
		};
		2B8C893B246B2E1200E0BA25 /* Main Views */ = {
			isa = PBXGroup;
			children = (
				2B90261F2469D0DB00C30CC4 /* HomeView.swift */,
				2B8C8944246B2F3700E0BA25 /* CommunicationView.swift */,
				2B011DE62474556200D44ACA /* BTView.swift */,
				2BE0FC34246B05F700196821 /* SettingsView.swift */,
				2B8C893C246B2E2300E0BA25 /* Sub Views */,
				2B8C8946246B2F4E00E0BA25 /* Supporting Views */,
			);
			path = "Main Views";
			sourceTree = "<group>";
		};
		2B8C893C246B2E2300E0BA25 /* Sub Views */ = {
			isa = PBXGroup;
			children = (
				2B8EC8F12468777100655D58 /* LogInView.swift */,
				2B90C7BC2471998C00AF8704 /* NukedView.swift */,
				2BE0FC36246B141300196821 /* DevView.swift */,
				2B8C8947246B2FA600E0BA25 /* ProfileView.swift */,
				2B011DED247459E100D44ACA /* BTDeviceView.swift */,
			);
			path = "Sub Views";
			sourceTree = "<group>";
		};
		2B8C893E246B2E4400E0BA25 /* Unused */ = {
			isa = PBXGroup;
			children = (
				2BCE2339246B238E0083E5B1 /* SignInWithAppleButtonWatch.swift */,
			);
			path = Unused;
			sourceTree = "<group>";
		};
		2B8C893F246B2E4E00E0BA25 /* Views */ = {
			isa = PBXGroup;
			children = (
				2B8EC8C224686C0300655D58 /* ContentView.swift */,
				2B2E768C2471AD6100CD2D95 /* Main Views */,
			);
			path = Views;
			sourceTree = "<group>";
		};
		2B8C8940246B2E6900E0BA25 /* Notification */ = {
			isa = PBXGroup;
			children = (
				2B8EC8C824686C0300655D58 /* NotificationController.swift */,
				2B8EC8CA24686C0300655D58 /* NotificationView.swift */,
			);
			path = Notification;
			sourceTree = "<group>";
		};
		2B8C8946246B2F4E00E0BA25 /* Supporting Views */ = {
			isa = PBXGroup;
			children = (
				2B90C7BA2471955800AF8704 /* NukeInstructionsView.swift */,
			);
			path = "Supporting Views";
			sourceTree = "<group>";
		};
		2B8EC87B24686BFF00655D58 = {
			isa = PBXGroup;
			children = (
				2B5205D2246DD161000CA3A4 /* README.md */,
				2B5205D1246DB3D2000CA3A4 /* MyPlayground.playground */,
				2B5205DB246EE9E4000CA3A4 /* MyPlaygroundSwiftUI.playground */,
				2B8EC8E624686D1700655D58 /* Shared */,
				2B8EC88624686BFF00655D58 /* UrbanLifePlusApp */,
				2B8EC8C124686C0300655D58 /* UrbanLifePlusApp WatchKit Extension */,
				2B8EC8A824686C0200655D58 /* AutomatedSnapshots */,
				2B8EC8B224686C0200655D58 /* UrbanLifePlusApp WatchKit App */,
				2B8EC88524686BFF00655D58 /* Products */,
				2BD282AA24702EDD00FC2050 /* Frameworks */,
				D7DE812ACFD41B47E2F6D281 /* Pods */,
			);
			sourceTree = "<group>";
		};
		2B8EC88524686BFF00655D58 /* Products */ = {
			isa = PBXGroup;
			children = (
				2B8EC88424686BFF00655D58 /* UrbanLifePlusApp.app */,
				2B8EC8A524686C0200655D58 /* AutomatedSnapshots.xctest */,
				2B8EC8AE24686C0200655D58 /* UrbanLifePlusApp WatchKit App.app */,
				2B8EC8BD24686C0300655D58 /* UrbanLifePlusApp WatchKit Extension.appex */,
			);
			name = Products;
			sourceTree = "<group>";
		};
		2B8EC88624686BFF00655D58 /* UrbanLifePlusApp */ = {
			isa = PBXGroup;
			children = (
				2B90261E2469CD2B00C30CC4 /* UrbanLifePlusApp.entitlements */,
				2B8EC88724686BFF00655D58 /* AppDelegate.swift */,
				2B8EC88924686BFF00655D58 /* SceneDelegate.swift */,
				2BE0FC2E246ADD7900196821 /* Views */,
				2B90261B2469CA8700C30CC4 /* Helper */,
				2B8EC89224686C0200655D58 /* LaunchScreen.storyboard */,
				2B8EC89524686C0200655D58 /* Info.plist */,
				2B8EC88F24686C0200655D58 /* Preview Content */,
			);
			path = UrbanLifePlusApp;
			sourceTree = "<group>";
		};
		2B8EC88F24686C0200655D58 /* Preview Content */ = {
			isa = PBXGroup;
			children = (
				2B8EC89024686C0200655D58 /* Preview Assets.xcassets */,
			);
			path = "Preview Content";
			sourceTree = "<group>";
		};
		2B8EC8A824686C0200655D58 /* AutomatedSnapshots */ = {
			isa = PBXGroup;
			children = (
				2B8EC8F42468799A00655D58 /* SnapshotHelper.swift */,
				2B8EC8A924686C0200655D58 /* UrbanLifePlusAppUITests.swift */,
				2B8EC8AB24686C0200655D58 /* Info.plist */,
			);
			path = AutomatedSnapshots;
			sourceTree = "<group>";
		};
		2B8EC8B224686C0200655D58 /* UrbanLifePlusApp WatchKit App */ = {
			isa = PBXGroup;
			children = (
				2B90261C2469CC7800C30CC4 /* UrbanLifePlusApp WatchKit App.entitlements */,
				2B8EC8B324686C0200655D58 /* Interface.storyboard */,
				2B8EC8B824686C0300655D58 /* Info.plist */,
			);
			path = "UrbanLifePlusApp WatchKit App";
			sourceTree = "<group>";
		};
		2B8EC8C124686C0300655D58 /* UrbanLifePlusApp WatchKit Extension */ = {
			isa = PBXGroup;
			children = (
				2B90261D2469CD2500C30CC4 /* UrbanLifePlusApp WatchKit Extension.entitlements */,
				2B8EC8C624686C0300655D58 /* ExtensionDelegate.swift */,
				2B8EC8C424686C0300655D58 /* HostingController.swift */,
				2B8C893F246B2E4E00E0BA25 /* Views */,
				2B8C8940246B2E6900E0BA25 /* Notification */,
				2B8C893E246B2E4400E0BA25 /* Unused */,
				2B8EC8D124686C0400655D58 /* Info.plist */,
				2B8EC8D224686C0400655D58 /* PushNotificationPayload.apns */,
				2B8EC8CE24686C0400655D58 /* Preview Content */,
			);
			path = "UrbanLifePlusApp WatchKit Extension";
			sourceTree = "<group>";
		};
		2B8EC8CE24686C0400655D58 /* Preview Content */ = {
			isa = PBXGroup;
			children = (
				2B8EC8CF24686C0400655D58 /* Preview Assets.xcassets */,
			);
			path = "Preview Content";
			sourceTree = "<group>";
		};
		2B8EC8E624686D1700655D58 /* Shared */ = {
			isa = PBXGroup;
			children = (
				2B011DD9247450BF00D44ACA /* Bluetooth */,
				2B2E76A82471B82200CD2D95 /* WatchCommunication */,
				2B2E76922471B68200CD2D95 /* Keys */,
				2B5205D6246ED66A000CA3A4 /* Storage */,
				2B8EC8ED24686D3500655D58 /* Localizable.strings */,
				2B8EC88D24686C0200655D58 /* Assets.xcassets */,
			);
			path = Shared;
			sourceTree = "<group>";
		};
		2B9026072469C99C00C30CC4 /* SignInWithApple */ = {
			isa = PBXGroup;
			children = (
				2BE0FC2A2469DECB00196821 /* SignInWithAppleButton.swift */,
				2B90260C2469C99C00C30CC4 /* SignInWithAppleDelegates.swift */,
			);
			path = SignInWithApple;
			sourceTree = "<group>";
		};
		2B90261B2469CA8700C30CC4 /* Helper */ = {
			isa = PBXGroup;
			children = (
				2B9026072469C99C00C30CC4 /* SignInWithApple */,
				2B9026082469C99C00C30CC4 /* EnvironmentWindowKey.swift */,
				2BE0FC31246AEC0B00196821 /* Keychain.swift */,
			);
			path = Helper;
			sourceTree = "<group>";
		};
		2BD282AA24702EDD00FC2050 /* Frameworks */ = {
			isa = PBXGroup;
			children = (
				E7924BBFCCD132362689227F /* Pods_UrbanLifePlusApp.framework */,
				DA0E28654819173E85D32295 /* Pods_UrbanLifePlusApp_WatchKit_App.framework */,
				FE76C077B2B1A847BA72C942 /* Pods_UrbanLifePlusApp_WatchKit_Extension.framework */,
				73C1C329E1B419D4F8945210 /* Pods_UrbanLifePlusAppTests.framework */,
				59963024D6B536A62D2B0C68 /* Pods_UrbanLifePlusApp_AutomatedSnapshots.framework */,
			);
			name = Frameworks;
			sourceTree = "<group>";
		};
		2BE0FC2E246ADD7900196821 /* Views */ = {
			isa = PBXGroup;
			children = (
				2B8EC88B24686BFF00655D58 /* ContentView.swift */,
				2B8C893B246B2E1200E0BA25 /* Main Views */,
			);
			path = Views;
			sourceTree = "<group>";
		};
		D7DE812ACFD41B47E2F6D281 /* Pods */ = {
			isa = PBXGroup;
			children = (
				B8DD9E8A3F4E8456EE634ECC /* Pods-UrbanLifePlusApp.debug.xcconfig */,
				B1B23DE3145D5CFE4A1098AD /* Pods-UrbanLifePlusApp.release.xcconfig */,
				21E18DF0ED5F582DB651EAA4 /* Pods-UrbanLifePlusApp WatchKit App.debug.xcconfig */,
				91CB57E6D225F7FDAB94DB19 /* Pods-UrbanLifePlusApp WatchKit App.release.xcconfig */,
				1D215ADF38DA80507FC22F99 /* Pods-UrbanLifePlusApp WatchKit Extension.debug.xcconfig */,
				38333B1EA48030501F852D9D /* Pods-UrbanLifePlusApp WatchKit Extension.release.xcconfig */,
				2A06D71F1A68A2E5687C90DC /* Pods-UrbanLifePlusApp-UrbanLifePlusAppUITests.debug.xcconfig */,
				A07D8ECB02CD283CF5856D33 /* Pods-UrbanLifePlusApp-UrbanLifePlusAppUITests.release.xcconfig */,
				FF773A723B789E2A6FDC8C70 /* Pods-UrbanLifePlusAppTests.debug.xcconfig */,
				0FAEBA1EF81C11B961BDADF7 /* Pods-UrbanLifePlusAppTests.release.xcconfig */,
				9D59B43458235EB3B9AB0088 /* Pods-UrbanLifePlusApp-AutomatedSnapshots.debug.xcconfig */,
				4E07A62D6FCF71D5027B3477 /* Pods-UrbanLifePlusApp-AutomatedSnapshots.release.xcconfig */,
			);
			path = Pods;
			sourceTree = "<group>";
		};
/* End PBXGroup section */

/* Begin PBXNativeTarget section */
		2B8EC88324686BFF00655D58 /* UrbanLifePlusApp */ = {
			isa = PBXNativeTarget;
			buildConfigurationList = 2B8EC8DD24686C0400655D58 /* Build configuration list for PBXNativeTarget "UrbanLifePlusApp" */;
			buildPhases = (
				3D6D2A290133B096FCF8F7D3 /* [CP] Check Pods Manifest.lock */,
				2B8EC88024686BFF00655D58 /* Sources */,
				2B8EC88124686BFF00655D58 /* Frameworks */,
				2B8EC88224686BFF00655D58 /* Resources */,
				2B8EC8DC24686C0400655D58 /* Embed Watch Content */,
				4F6BDF0ACDE7BDCA7C235430 /* [CP] Embed Pods Frameworks */,
			);
			buildRules = (
			);
			dependencies = (
				2B8EC8B124686C0200655D58 /* PBXTargetDependency */,
			);
			name = UrbanLifePlusApp;
			productName = UrbanLifePlusApp;
			productReference = 2B8EC88424686BFF00655D58 /* UrbanLifePlusApp.app */;
			productType = "com.apple.product-type.application";
		};
		2B8EC8A424686C0200655D58 /* AutomatedSnapshots */ = {
			isa = PBXNativeTarget;
			buildConfigurationList = 2B8EC8E324686C0400655D58 /* Build configuration list for PBXNativeTarget "AutomatedSnapshots" */;
			buildPhases = (
				9A615A3E7ACFA92DD2934780 /* [CP] Check Pods Manifest.lock */,
				2B8EC8A124686C0200655D58 /* Sources */,
				2B8EC8A224686C0200655D58 /* Frameworks */,
				2B8EC8A324686C0200655D58 /* Resources */,
				0709549740DA1FDA89D04654 /* [CP] Embed Pods Frameworks */,
			);
			buildRules = (
			);
			dependencies = (
				2B8EC8A724686C0200655D58 /* PBXTargetDependency */,
			);
			name = AutomatedSnapshots;
			productName = UrbanLifePlusAppUITests;
			productReference = 2B8EC8A524686C0200655D58 /* AutomatedSnapshots.xctest */;
			productType = "com.apple.product-type.bundle.ui-testing";
		};
		2B8EC8AD24686C0200655D58 /* UrbanLifePlusApp WatchKit App */ = {
			isa = PBXNativeTarget;
			buildConfigurationList = 2B8EC8D924686C0400655D58 /* Build configuration list for PBXNativeTarget "UrbanLifePlusApp WatchKit App" */;
			buildPhases = (
				0ABFF92480DF15DD533495C5 /* [CP] Check Pods Manifest.lock */,
				2B8EC8AC24686C0200655D58 /* Resources */,
				2B8EC8D824686C0400655D58 /* Embed App Extensions */,
				9F2D2FBC3741FF7A14FB27BD /* Frameworks */,
			);
			buildRules = (
			);
			dependencies = (
				2B8EC8C024686C0300655D58 /* PBXTargetDependency */,
			);
			name = "UrbanLifePlusApp WatchKit App";
			productName = "UrbanLifePlusApp WatchKit App";
			productReference = 2B8EC8AE24686C0200655D58 /* UrbanLifePlusApp WatchKit App.app */;
			productType = "com.apple.product-type.application.watchapp2";
		};
		2B8EC8BC24686C0300655D58 /* UrbanLifePlusApp WatchKit Extension */ = {
			isa = PBXNativeTarget;
			buildConfigurationList = 2B8EC8D524686C0400655D58 /* Build configuration list for PBXNativeTarget "UrbanLifePlusApp WatchKit Extension" */;
			buildPhases = (
				6D293DCEF510E666D1E1F3FF /* [CP] Check Pods Manifest.lock */,
				2B8EC8B924686C0300655D58 /* Sources */,
				2B8EC8BA24686C0300655D58 /* Frameworks */,
				2B8EC8BB24686C0300655D58 /* Resources */,
			);
			buildRules = (
			);
			dependencies = (
			);
			name = "UrbanLifePlusApp WatchKit Extension";
			productName = "UrbanLifePlusApp WatchKit Extension";
			productReference = 2B8EC8BD24686C0300655D58 /* UrbanLifePlusApp WatchKit Extension.appex */;
			productType = "com.apple.product-type.watchkit2-extension";
		};
/* End PBXNativeTarget section */

/* Begin PBXProject section */
		2B8EC87C24686BFF00655D58 /* Project object */ = {
			isa = PBXProject;
			attributes = {
				LastSwiftUpdateCheck = 1140;
				LastUpgradeCheck = 1140;
				ORGANIZATIONNAME = "Henning Hontheim";
				TargetAttributes = {
					2B8EC88324686BFF00655D58 = {
						CreatedOnToolsVersion = 11.4;
					};
					2B8EC8A424686C0200655D58 = {
						CreatedOnToolsVersion = 11.4;
						TestTargetID = 2B8EC88324686BFF00655D58;
					};
					2B8EC8AD24686C0200655D58 = {
						CreatedOnToolsVersion = 11.4;
					};
					2B8EC8BC24686C0300655D58 = {
						CreatedOnToolsVersion = 11.4;
					};
				};
			};
			buildConfigurationList = 2B8EC87F24686BFF00655D58 /* Build configuration list for PBXProject "UrbanLifePlusApp" */;
			compatibilityVersion = "Xcode 9.3";
			developmentRegion = de;
			hasScannedForEncodings = 0;
			knownRegions = (
				de,
				Base,
			);
			mainGroup = 2B8EC87B24686BFF00655D58;
			productRefGroup = 2B8EC88524686BFF00655D58 /* Products */;
			projectDirPath = "";
			projectRoot = "";
			targets = (
				2B8EC88324686BFF00655D58 /* UrbanLifePlusApp */,
				2B8EC8AD24686C0200655D58 /* UrbanLifePlusApp WatchKit App */,
				2B8EC8BC24686C0300655D58 /* UrbanLifePlusApp WatchKit Extension */,
				2B8EC8A424686C0200655D58 /* AutomatedSnapshots */,
			);
		};
/* End PBXProject section */

/* Begin PBXResourcesBuildPhase section */
		2B8EC88224686BFF00655D58 /* Resources */ = {
			isa = PBXResourcesBuildPhase;
			buildActionMask = 2147483647;
			files = (
				2B8EC89424686C0200655D58 /* LaunchScreen.storyboard in Resources */,
				2B8EC8EA24686D3500655D58 /* Localizable.strings in Resources */,
				2B8EC89124686C0200655D58 /* Preview Assets.xcassets in Resources */,
				2B8EC88E24686C0200655D58 /* Assets.xcassets in Resources */,
			);
			runOnlyForDeploymentPostprocessing = 0;
		};
		2B8EC8A324686C0200655D58 /* Resources */ = {
			isa = PBXResourcesBuildPhase;
			buildActionMask = 2147483647;
			files = (
			);
			runOnlyForDeploymentPostprocessing = 0;
		};
		2B8EC8AC24686C0200655D58 /* Resources */ = {
			isa = PBXResourcesBuildPhase;
			buildActionMask = 2147483647;
			files = (
				2B2B31FD2469B42200489C97 /* Assets.xcassets in Resources */,
				2B8EC8B524686C0200655D58 /* Interface.storyboard in Resources */,
			);
			runOnlyForDeploymentPostprocessing = 0;
		};
		2B8EC8BB24686C0300655D58 /* Resources */ = {
			isa = PBXResourcesBuildPhase;
			buildActionMask = 2147483647;
			files = (
				2B8EC8D024686C0400655D58 /* Preview Assets.xcassets in Resources */,
				2B8C893A246B2E0000E0BA25 /* Localizable.strings in Resources */,
				2B2B31FE2469B44700489C97 /* Assets.xcassets in Resources */,
			);
			runOnlyForDeploymentPostprocessing = 0;
		};
/* End PBXResourcesBuildPhase section */

/* Begin PBXShellScriptBuildPhase section */
		0709549740DA1FDA89D04654 /* [CP] Embed Pods Frameworks */ = {
			isa = PBXShellScriptBuildPhase;
			buildActionMask = 2147483647;
			files = (
			);
			inputFileListPaths = (
				"${PODS_ROOT}/Target Support Files/Pods-UrbanLifePlusApp-AutomatedSnapshots/Pods-UrbanLifePlusApp-AutomatedSnapshots-frameworks-${CONFIGURATION}-input-files.xcfilelist",
			);
			name = "[CP] Embed Pods Frameworks";
			outputFileListPaths = (
				"${PODS_ROOT}/Target Support Files/Pods-UrbanLifePlusApp-AutomatedSnapshots/Pods-UrbanLifePlusApp-AutomatedSnapshots-frameworks-${CONFIGURATION}-output-files.xcfilelist",
			);
			runOnlyForDeploymentPostprocessing = 0;
			shellPath = /bin/sh;
			shellScript = "\"${PODS_ROOT}/Target Support Files/Pods-UrbanLifePlusApp-AutomatedSnapshots/Pods-UrbanLifePlusApp-AutomatedSnapshots-frameworks.sh\"\n";
			showEnvVarsInLog = 0;
		};
		0ABFF92480DF15DD533495C5 /* [CP] Check Pods Manifest.lock */ = {
			isa = PBXShellScriptBuildPhase;
			buildActionMask = 2147483647;
			files = (
			);
			inputFileListPaths = (
			);
			inputPaths = (
				"${PODS_PODFILE_DIR_PATH}/Podfile.lock",
				"${PODS_ROOT}/Manifest.lock",
			);
			name = "[CP] Check Pods Manifest.lock";
			outputFileListPaths = (
			);
			outputPaths = (
				"$(DERIVED_FILE_DIR)/Pods-UrbanLifePlusApp WatchKit App-checkManifestLockResult.txt",
			);
			runOnlyForDeploymentPostprocessing = 0;
			shellPath = /bin/sh;
			shellScript = "diff \"${PODS_PODFILE_DIR_PATH}/Podfile.lock\" \"${PODS_ROOT}/Manifest.lock\" > /dev/null\nif [ $? != 0 ] ; then\n    # print error to STDERR\n    echo \"error: The sandbox is not in sync with the Podfile.lock. Run 'pod install' or update your CocoaPods installation.\" >&2\n    exit 1\nfi\n# This output is used by Xcode 'outputs' to avoid re-running this script phase.\necho \"SUCCESS\" > \"${SCRIPT_OUTPUT_FILE_0}\"\n";
			showEnvVarsInLog = 0;
		};
		3D6D2A290133B096FCF8F7D3 /* [CP] Check Pods Manifest.lock */ = {
			isa = PBXShellScriptBuildPhase;
			buildActionMask = 2147483647;
			files = (
			);
			inputFileListPaths = (
			);
			inputPaths = (
				"${PODS_PODFILE_DIR_PATH}/Podfile.lock",
				"${PODS_ROOT}/Manifest.lock",
			);
			name = "[CP] Check Pods Manifest.lock";
			outputFileListPaths = (
			);
			outputPaths = (
				"$(DERIVED_FILE_DIR)/Pods-UrbanLifePlusApp-checkManifestLockResult.txt",
			);
			runOnlyForDeploymentPostprocessing = 0;
			shellPath = /bin/sh;
			shellScript = "diff \"${PODS_PODFILE_DIR_PATH}/Podfile.lock\" \"${PODS_ROOT}/Manifest.lock\" > /dev/null\nif [ $? != 0 ] ; then\n    # print error to STDERR\n    echo \"error: The sandbox is not in sync with the Podfile.lock. Run 'pod install' or update your CocoaPods installation.\" >&2\n    exit 1\nfi\n# This output is used by Xcode 'outputs' to avoid re-running this script phase.\necho \"SUCCESS\" > \"${SCRIPT_OUTPUT_FILE_0}\"\n";
			showEnvVarsInLog = 0;
		};
		4F6BDF0ACDE7BDCA7C235430 /* [CP] Embed Pods Frameworks */ = {
			isa = PBXShellScriptBuildPhase;
			buildActionMask = 2147483647;
			files = (
			);
			inputFileListPaths = (
				"${PODS_ROOT}/Target Support Files/Pods-UrbanLifePlusApp/Pods-UrbanLifePlusApp-frameworks-${CONFIGURATION}-input-files.xcfilelist",
			);
			name = "[CP] Embed Pods Frameworks";
			outputFileListPaths = (
				"${PODS_ROOT}/Target Support Files/Pods-UrbanLifePlusApp/Pods-UrbanLifePlusApp-frameworks-${CONFIGURATION}-output-files.xcfilelist",
			);
			runOnlyForDeploymentPostprocessing = 0;
			shellPath = /bin/sh;
			shellScript = "\"${PODS_ROOT}/Target Support Files/Pods-UrbanLifePlusApp/Pods-UrbanLifePlusApp-frameworks.sh\"\n";
			showEnvVarsInLog = 0;
		};
		6D293DCEF510E666D1E1F3FF /* [CP] Check Pods Manifest.lock */ = {
			isa = PBXShellScriptBuildPhase;
			buildActionMask = 2147483647;
			files = (
			);
			inputFileListPaths = (
			);
			inputPaths = (
				"${PODS_PODFILE_DIR_PATH}/Podfile.lock",
				"${PODS_ROOT}/Manifest.lock",
			);
			name = "[CP] Check Pods Manifest.lock";
			outputFileListPaths = (
			);
			outputPaths = (
				"$(DERIVED_FILE_DIR)/Pods-UrbanLifePlusApp WatchKit Extension-checkManifestLockResult.txt",
			);
			runOnlyForDeploymentPostprocessing = 0;
			shellPath = /bin/sh;
			shellScript = "diff \"${PODS_PODFILE_DIR_PATH}/Podfile.lock\" \"${PODS_ROOT}/Manifest.lock\" > /dev/null\nif [ $? != 0 ] ; then\n    # print error to STDERR\n    echo \"error: The sandbox is not in sync with the Podfile.lock. Run 'pod install' or update your CocoaPods installation.\" >&2\n    exit 1\nfi\n# This output is used by Xcode 'outputs' to avoid re-running this script phase.\necho \"SUCCESS\" > \"${SCRIPT_OUTPUT_FILE_0}\"\n";
			showEnvVarsInLog = 0;
		};
		9A615A3E7ACFA92DD2934780 /* [CP] Check Pods Manifest.lock */ = {
			isa = PBXShellScriptBuildPhase;
			buildActionMask = 2147483647;
			files = (
			);
			inputFileListPaths = (
			);
			inputPaths = (
				"${PODS_PODFILE_DIR_PATH}/Podfile.lock",
				"${PODS_ROOT}/Manifest.lock",
			);
			name = "[CP] Check Pods Manifest.lock";
			outputFileListPaths = (
			);
			outputPaths = (
				"$(DERIVED_FILE_DIR)/Pods-UrbanLifePlusApp-AutomatedSnapshots-checkManifestLockResult.txt",
			);
			runOnlyForDeploymentPostprocessing = 0;
			shellPath = /bin/sh;
			shellScript = "diff \"${PODS_PODFILE_DIR_PATH}/Podfile.lock\" \"${PODS_ROOT}/Manifest.lock\" > /dev/null\nif [ $? != 0 ] ; then\n    # print error to STDERR\n    echo \"error: The sandbox is not in sync with the Podfile.lock. Run 'pod install' or update your CocoaPods installation.\" >&2\n    exit 1\nfi\n# This output is used by Xcode 'outputs' to avoid re-running this script phase.\necho \"SUCCESS\" > \"${SCRIPT_OUTPUT_FILE_0}\"\n";
			showEnvVarsInLog = 0;
		};
/* End PBXShellScriptBuildPhase section */

/* Begin PBXSourcesBuildPhase section */
		2B8EC88024686BFF00655D58 /* Sources */ = {
			isa = PBXSourcesBuildPhase;
			buildActionMask = 2147483647;
			files = (
				2B011DE72474556200D44ACA /* BTView.swift in Sources */,
				2B011E042474724D00D44ACA /* BTUtils.swift in Sources */,
				2B011E022474724D00D44ACA /* BTManager.swift in Sources */,
				2BE0FC2B2469DECB00196821 /* SignInWithAppleButton.swift in Sources */,
				2B8C8A02246C273300E0BA25 /* SessionDelegater.swift in Sources */,
				2B2E76972471B6BD00CD2D95 /* TransferKey.swift in Sources */,
				2B2E76A62471B7A700CD2D95 /* AppState.swift in Sources */,
				2B8EC88824686BFF00655D58 /* AppDelegate.swift in Sources */,
				2B90C7BD2471998C00AF8704 /* NukedView.swift in Sources */,
				2B90260D2469C99C00C30CC4 /* EnvironmentWindowKey.swift in Sources */,
				2B9026202469D0DB00C30CC4 /* HomeView.swift in Sources */,
				2B90C7BB2471955800AF8704 /* NukeInstructionsView.swift in Sources */,
				2B2E76942471B6A000CD2D95 /* StorageKey.swift in Sources */,
				2B011DEE247459E100D44ACA /* BTDeviceView.swift in Sources */,
				2B8C8945246B2F3700E0BA25 /* CommunicationView.swift in Sources */,
				2B2E769E2471B75000CD2D95 /* Local.swift in Sources */,
				2B8C8A22246C400500E0BA25 /* SessionCommands.swift in Sources */,
				2B011DEB247456A600D44ACA /* Bluetooth.swift in Sources */,
				2B8EC8F22468777100655D58 /* LogInView.swift in Sources */,
				2BE0FC37246B141300196821 /* DevView.swift in Sources */,
				2BE0FC32246AEC0B00196821 /* Keychain.swift in Sources */,
				2B011E062474724D00D44ACA /* BTUUIDs.swift in Sources */,
				2B8EC88A24686BFF00655D58 /* SceneDelegate.swift in Sources */,
				2B8EC88C24686BFF00655D58 /* ContentView.swift in Sources */,
				2B5205D8246ED67F000CA3A4 /* Storage.swift in Sources */,
				2B2E769A2471B6E400CD2D95 /* StorageHelper.swift in Sources */,
				2B011E002474724D00D44ACA /* BTDevice.swift in Sources */,
				2B9026152469C99C00C30CC4 /* SignInWithAppleDelegates.swift in Sources */,
				2B8C8948246B2FA600E0BA25 /* ProfileView.swift in Sources */,
				2BE0FC35246B05F700196821 /* SettingsView.swift in Sources */,
				2B2E76A32471B78C00CD2D95 /* User.swift in Sources */,
			);
			runOnlyForDeploymentPostprocessing = 0;
		};
		2B8EC8A124686C0200655D58 /* Sources */ = {
			isa = PBXSourcesBuildPhase;
			buildActionMask = 2147483647;
			files = (
				2B8EC8AA24686C0200655D58 /* UrbanLifePlusAppUITests.swift in Sources */,
				2B8EC8F52468799A00655D58 /* SnapshotHelper.swift in Sources */,
			);
			runOnlyForDeploymentPostprocessing = 0;
		};
		2B8EC8B924686C0300655D58 /* Sources */ = {
			isa = PBXSourcesBuildPhase;
			buildActionMask = 2147483647;
			files = (
				2B8EC8C524686C0300655D58 /* HostingController.swift in Sources */,
				2B011E012474724D00D44ACA /* BTDevice.swift in Sources */,
				2B8EC8C324686C0300655D58 /* ContentView.swift in Sources */,
				2B2E768E2471AD7100CD2D95 /* HomeView.swift in Sources */,
				2B5205CF246C8C30000CA3A4 /* SessionDelegater.swift in Sources */,
				2B2E76952471B6A000CD2D95 /* StorageKey.swift in Sources */,
				2B8EC8C924686C0300655D58 /* NotificationController.swift in Sources */,
				2B2E769F2471B75000CD2D95 /* Local.swift in Sources */,
				2B2E76982471B6BD00CD2D95 /* TransferKey.swift in Sources */,
				2B2E76A42471B78C00CD2D95 /* User.swift in Sources */,
				2B8EC8C724686C0300655D58 /* ExtensionDelegate.swift in Sources */,
				2B011E052474724D00D44ACA /* BTUtils.swift in Sources */,
				2B011DF024745E1900D44ACA /* Bluetooth.swift in Sources */,
				2B011E032474724D00D44ACA /* BTManager.swift in Sources */,
				2B2E769B2471B6E400CD2D95 /* StorageHelper.swift in Sources */,
				2B2E76A72471B7A700CD2D95 /* AppState.swift in Sources */,
				2B8C8A23246C400500E0BA25 /* SessionCommands.swift in Sources */,
				2B2E76912471ADA300CD2D95 /* LogInView.swift in Sources */,
				2B5205DA246ED7D7000CA3A4 /* Storage.swift in Sources */,
				2B8EC8CB24686C0300655D58 /* NotificationView.swift in Sources */,
				2B011E072474724D00D44ACA /* BTUUIDs.swift in Sources */,
			);
			runOnlyForDeploymentPostprocessing = 0;
		};
/* End PBXSourcesBuildPhase section */

/* Begin PBXTargetDependency section */
		2B8EC8A724686C0200655D58 /* PBXTargetDependency */ = {
			isa = PBXTargetDependency;
			target = 2B8EC88324686BFF00655D58 /* UrbanLifePlusApp */;
			targetProxy = 2B8EC8A624686C0200655D58 /* PBXContainerItemProxy */;
		};
		2B8EC8B124686C0200655D58 /* PBXTargetDependency */ = {
			isa = PBXTargetDependency;
			platformFilter = ios;
			target = 2B8EC8AD24686C0200655D58 /* UrbanLifePlusApp WatchKit App */;
			targetProxy = 2B8EC8B024686C0200655D58 /* PBXContainerItemProxy */;
		};
		2B8EC8C024686C0300655D58 /* PBXTargetDependency */ = {
			isa = PBXTargetDependency;
			target = 2B8EC8BC24686C0300655D58 /* UrbanLifePlusApp WatchKit Extension */;
			targetProxy = 2B8EC8BF24686C0300655D58 /* PBXContainerItemProxy */;
		};
/* End PBXTargetDependency section */

/* Begin PBXVariantGroup section */
		2B8EC89224686C0200655D58 /* LaunchScreen.storyboard */ = {
			isa = PBXVariantGroup;
			children = (
				2B8EC89324686C0200655D58 /* Base */,
			);
			name = LaunchScreen.storyboard;
			sourceTree = "<group>";
		};
		2B8EC8B324686C0200655D58 /* Interface.storyboard */ = {
			isa = PBXVariantGroup;
			children = (
				2B8EC8B424686C0200655D58 /* Base */,
			);
			name = Interface.storyboard;
			sourceTree = "<group>";
		};
		2B8EC8ED24686D3500655D58 /* Localizable.strings */ = {
			isa = PBXVariantGroup;
			children = (
				2B8EC8EE24686D3F00655D58 /* de */,
			);
			name = Localizable.strings;
			sourceTree = "<group>";
		};
/* End PBXVariantGroup section */

/* Begin XCBuildConfiguration section */
		2B8EC8D324686C0400655D58 /* Debug */ = {
			isa = XCBuildConfiguration;
			buildSettings = {
				ALWAYS_SEARCH_USER_PATHS = NO;
				CLANG_ANALYZER_LOCALIZABILITY_NONLOCALIZED = YES;
				CLANG_ANALYZER_NONNULL = YES;
				CLANG_ANALYZER_NUMBER_OBJECT_CONVERSION = YES_AGGRESSIVE;
				CLANG_CXX_LANGUAGE_STANDARD = "gnu++14";
				CLANG_CXX_LIBRARY = "libc++";
				CLANG_ENABLE_MODULES = YES;
				CLANG_ENABLE_OBJC_ARC = YES;
				CLANG_ENABLE_OBJC_WEAK = YES;
				CLANG_WARN_BLOCK_CAPTURE_AUTORELEASING = YES;
				CLANG_WARN_BOOL_CONVERSION = YES;
				CLANG_WARN_COMMA = YES;
				CLANG_WARN_CONSTANT_CONVERSION = YES;
				CLANG_WARN_DEPRECATED_OBJC_IMPLEMENTATIONS = YES;
				CLANG_WARN_DIRECT_OBJC_ISA_USAGE = YES_ERROR;
				CLANG_WARN_DOCUMENTATION_COMMENTS = YES;
				CLANG_WARN_EMPTY_BODY = YES;
				CLANG_WARN_ENUM_CONVERSION = YES;
				CLANG_WARN_INFINITE_RECURSION = YES;
				CLANG_WARN_INT_CONVERSION = YES;
				CLANG_WARN_NON_LITERAL_NULL_CONVERSION = YES;
				CLANG_WARN_OBJC_IMPLICIT_RETAIN_SELF = YES;
				CLANG_WARN_OBJC_LITERAL_CONVERSION = YES;
				CLANG_WARN_OBJC_ROOT_CLASS = YES_ERROR;
				CLANG_WARN_RANGE_LOOP_ANALYSIS = YES;
				CLANG_WARN_STRICT_PROTOTYPES = YES;
				CLANG_WARN_SUSPICIOUS_MOVE = YES;
				CLANG_WARN_UNGUARDED_AVAILABILITY = YES_AGGRESSIVE;
				CLANG_WARN_UNREACHABLE_CODE = YES;
				CLANG_WARN__DUPLICATE_METHOD_MATCH = YES;
				COPY_PHASE_STRIP = NO;
				CURRENT_PROJECT_VERSION = 200519.2012;
				DEBUG_INFORMATION_FORMAT = dwarf;
				DEVELOPMENT_TEAM = 6NEGL975FK;
				ENABLE_STRICT_OBJC_MSGSEND = YES;
				ENABLE_TESTABILITY = YES;
				GCC_C_LANGUAGE_STANDARD = gnu11;
				GCC_DYNAMIC_NO_PIC = NO;
				GCC_NO_COMMON_BLOCKS = YES;
				GCC_OPTIMIZATION_LEVEL = 0;
				GCC_PREPROCESSOR_DEFINITIONS = (
					"DEBUG=1",
					"$(inherited)",
				);
				GCC_WARN_64_TO_32_BIT_CONVERSION = YES;
				GCC_WARN_ABOUT_RETURN_TYPE = YES_ERROR;
				GCC_WARN_UNDECLARED_SELECTOR = YES;
				GCC_WARN_UNINITIALIZED_AUTOS = YES_AGGRESSIVE;
				GCC_WARN_UNUSED_FUNCTION = YES;
				GCC_WARN_UNUSED_VARIABLE = YES;
				IPHONEOS_DEPLOYMENT_TARGET = 13.2;
				MTL_ENABLE_DEBUG_INFO = INCLUDE_SOURCE;
				MTL_FAST_MATH = YES;
				ONLY_ACTIVE_ARCH = YES;
				SDKROOT = iphoneos;
				SWIFT_ACTIVE_COMPILATION_CONDITIONS = DEBUG;
				SWIFT_OPTIMIZATION_LEVEL = "-Onone";
				VERSIONING_SYSTEM = "apple-generic";
			};
			name = Debug;
		};
		2B8EC8D424686C0400655D58 /* Release */ = {
			isa = XCBuildConfiguration;
			buildSettings = {
				ALWAYS_SEARCH_USER_PATHS = NO;
				CLANG_ANALYZER_LOCALIZABILITY_NONLOCALIZED = YES;
				CLANG_ANALYZER_NONNULL = YES;
				CLANG_ANALYZER_NUMBER_OBJECT_CONVERSION = YES_AGGRESSIVE;
				CLANG_CXX_LANGUAGE_STANDARD = "gnu++14";
				CLANG_CXX_LIBRARY = "libc++";
				CLANG_ENABLE_MODULES = YES;
				CLANG_ENABLE_OBJC_ARC = YES;
				CLANG_ENABLE_OBJC_WEAK = YES;
				CLANG_WARN_BLOCK_CAPTURE_AUTORELEASING = YES;
				CLANG_WARN_BOOL_CONVERSION = YES;
				CLANG_WARN_COMMA = YES;
				CLANG_WARN_CONSTANT_CONVERSION = YES;
				CLANG_WARN_DEPRECATED_OBJC_IMPLEMENTATIONS = YES;
				CLANG_WARN_DIRECT_OBJC_ISA_USAGE = YES_ERROR;
				CLANG_WARN_DOCUMENTATION_COMMENTS = YES;
				CLANG_WARN_EMPTY_BODY = YES;
				CLANG_WARN_ENUM_CONVERSION = YES;
				CLANG_WARN_INFINITE_RECURSION = YES;
				CLANG_WARN_INT_CONVERSION = YES;
				CLANG_WARN_NON_LITERAL_NULL_CONVERSION = YES;
				CLANG_WARN_OBJC_IMPLICIT_RETAIN_SELF = YES;
				CLANG_WARN_OBJC_LITERAL_CONVERSION = YES;
				CLANG_WARN_OBJC_ROOT_CLASS = YES_ERROR;
				CLANG_WARN_RANGE_LOOP_ANALYSIS = YES;
				CLANG_WARN_STRICT_PROTOTYPES = YES;
				CLANG_WARN_SUSPICIOUS_MOVE = YES;
				CLANG_WARN_UNGUARDED_AVAILABILITY = YES_AGGRESSIVE;
				CLANG_WARN_UNREACHABLE_CODE = YES;
				CLANG_WARN__DUPLICATE_METHOD_MATCH = YES;
				COPY_PHASE_STRIP = NO;
				CURRENT_PROJECT_VERSION = 200519.2012;
				DEBUG_INFORMATION_FORMAT = "dwarf-with-dsym";
				DEVELOPMENT_TEAM = 6NEGL975FK;
				ENABLE_NS_ASSERTIONS = NO;
				ENABLE_STRICT_OBJC_MSGSEND = YES;
				GCC_C_LANGUAGE_STANDARD = gnu11;
				GCC_NO_COMMON_BLOCKS = YES;
				GCC_WARN_64_TO_32_BIT_CONVERSION = YES;
				GCC_WARN_ABOUT_RETURN_TYPE = YES_ERROR;
				GCC_WARN_UNDECLARED_SELECTOR = YES;
				GCC_WARN_UNINITIALIZED_AUTOS = YES_AGGRESSIVE;
				GCC_WARN_UNUSED_FUNCTION = YES;
				GCC_WARN_UNUSED_VARIABLE = YES;
				IPHONEOS_DEPLOYMENT_TARGET = 13.2;
				MTL_ENABLE_DEBUG_INFO = NO;
				MTL_FAST_MATH = YES;
				SDKROOT = iphoneos;
				SWIFT_COMPILATION_MODE = wholemodule;
				SWIFT_OPTIMIZATION_LEVEL = "-O";
				VALIDATE_PRODUCT = YES;
				VERSIONING_SYSTEM = "apple-generic";
			};
			name = Release;
		};
		2B8EC8D624686C0400655D58 /* Debug */ = {
			isa = XCBuildConfiguration;
			baseConfigurationReference = 1D215ADF38DA80507FC22F99 /* Pods-UrbanLifePlusApp WatchKit Extension.debug.xcconfig */;
			buildSettings = {
				ASSETCATALOG_COMPILER_COMPLICATION_NAME = Complication;
				CODE_SIGN_ENTITLEMENTS = "UrbanLifePlusApp WatchKit Extension/UrbanLifePlusApp WatchKit Extension.entitlements";
				CODE_SIGN_IDENTITY = "Apple Development";
				CODE_SIGN_STYLE = Manual;
				DEVELOPMENT_ASSET_PATHS = "\"UrbanLifePlusApp WatchKit Extension/Preview Content\"";
				DEVELOPMENT_TEAM = 6NEGL975FK;
				ENABLE_PREVIEWS = YES;
				INFOPLIST_FILE = "UrbanLifePlusApp WatchKit Extension/Info.plist";
				LD_RUNPATH_SEARCH_PATHS = (
					"$(inherited)",
					"@executable_path/Frameworks",
					"@executable_path/../../Frameworks",
				);
				PRODUCT_BUNDLE_IDENTIFIER = net.hontheim.UrbanLifePlusApp.watchkitapp.watchkitextension;
				PRODUCT_NAME = "${TARGET_NAME}";
				PROVISIONING_PROFILE_SPECIFIER = "match Development net.hontheim.UrbanLifePlusApp.watchkitapp.watchkitextension";
				SDKROOT = watchos;
				SKIP_INSTALL = YES;
				SWIFT_VERSION = 5.0;
				TARGETED_DEVICE_FAMILY = 4;
				WATCHOS_DEPLOYMENT_TARGET = 6.1;
			};
			name = Debug;
		};
		2B8EC8D724686C0400655D58 /* Release */ = {
			isa = XCBuildConfiguration;
			baseConfigurationReference = 38333B1EA48030501F852D9D /* Pods-UrbanLifePlusApp WatchKit Extension.release.xcconfig */;
			buildSettings = {
				ASSETCATALOG_COMPILER_COMPLICATION_NAME = Complication;
				CODE_SIGN_ENTITLEMENTS = "UrbanLifePlusApp WatchKit Extension/UrbanLifePlusApp WatchKit Extension.entitlements";
				CODE_SIGN_IDENTITY = "Apple Distribution";
				CODE_SIGN_STYLE = Manual;
				DEVELOPMENT_ASSET_PATHS = "\"UrbanLifePlusApp WatchKit Extension/Preview Content\"";
				DEVELOPMENT_TEAM = 6NEGL975FK;
				ENABLE_PREVIEWS = YES;
				INFOPLIST_FILE = "UrbanLifePlusApp WatchKit Extension/Info.plist";
				LD_RUNPATH_SEARCH_PATHS = (
					"$(inherited)",
					"@executable_path/Frameworks",
					"@executable_path/../../Frameworks",
				);
				PRODUCT_BUNDLE_IDENTIFIER = net.hontheim.UrbanLifePlusApp.watchkitapp.watchkitextension;
				PRODUCT_NAME = "${TARGET_NAME}";
				PROVISIONING_PROFILE_SPECIFIER = "match AdHoc net.hontheim.UrbanLifePlusApp.watchkitapp.watchkitextension";
				SDKROOT = watchos;
				SKIP_INSTALL = YES;
				SWIFT_VERSION = 5.0;
				TARGETED_DEVICE_FAMILY = 4;
				WATCHOS_DEPLOYMENT_TARGET = 6.1;
			};
			name = Release;
		};
		2B8EC8DA24686C0400655D58 /* Debug */ = {
			isa = XCBuildConfiguration;
			baseConfigurationReference = 21E18DF0ED5F582DB651EAA4 /* Pods-UrbanLifePlusApp WatchKit App.debug.xcconfig */;
			buildSettings = {
				ALWAYS_EMBED_SWIFT_STANDARD_LIBRARIES = YES;
				ASSETCATALOG_COMPILER_APPICON_NAME = AppIcon;
				CODE_SIGN_ENTITLEMENTS = "UrbanLifePlusApp WatchKit App/UrbanLifePlusApp WatchKit App.entitlements";
				CODE_SIGN_IDENTITY = "Apple Development";
				CODE_SIGN_STYLE = Manual;
				DEVELOPMENT_TEAM = 6NEGL975FK;
				IBSC_MODULE = UrbanLifePlusApp_WatchKit_Extension;
				INFOPLIST_FILE = "UrbanLifePlusApp WatchKit App/Info.plist";
				PRODUCT_BUNDLE_IDENTIFIER = net.hontheim.UrbanLifePlusApp.watchkitapp;
				PRODUCT_NAME = "UrbanLifePlusApp WatchKit App";
				PROVISIONING_PROFILE_SPECIFIER = "match Development net.hontheim.UrbanLifePlusApp.watchkitapp";
				SDKROOT = watchos;
				SKIP_INSTALL = YES;
				SWIFT_VERSION = 5.0;
				TARGETED_DEVICE_FAMILY = 4;
				WATCHOS_DEPLOYMENT_TARGET = 6.1;
			};
			name = Debug;
		};
		2B8EC8DB24686C0400655D58 /* Release */ = {
			isa = XCBuildConfiguration;
			baseConfigurationReference = 91CB57E6D225F7FDAB94DB19 /* Pods-UrbanLifePlusApp WatchKit App.release.xcconfig */;
			buildSettings = {
				ALWAYS_EMBED_SWIFT_STANDARD_LIBRARIES = YES;
				ASSETCATALOG_COMPILER_APPICON_NAME = AppIcon;
				CODE_SIGN_ENTITLEMENTS = "UrbanLifePlusApp WatchKit App/UrbanLifePlusApp WatchKit App.entitlements";
				CODE_SIGN_IDENTITY = "Apple Distribution";
				CODE_SIGN_STYLE = Manual;
				DEVELOPMENT_TEAM = 6NEGL975FK;
				IBSC_MODULE = UrbanLifePlusApp_WatchKit_Extension;
				INFOPLIST_FILE = "UrbanLifePlusApp WatchKit App/Info.plist";
				PRODUCT_BUNDLE_IDENTIFIER = net.hontheim.UrbanLifePlusApp.watchkitapp;
				PRODUCT_NAME = "UrbanLifePlusApp WatchKit App";
				PROVISIONING_PROFILE_SPECIFIER = "match AdHoc net.hontheim.UrbanLifePlusApp.watchkitapp";
				SDKROOT = watchos;
				SKIP_INSTALL = YES;
				SWIFT_VERSION = 5.0;
				TARGETED_DEVICE_FAMILY = 4;
				WATCHOS_DEPLOYMENT_TARGET = 6.1;
			};
			name = Release;
		};
		2B8EC8DE24686C0400655D58 /* Debug */ = {
			isa = XCBuildConfiguration;
			baseConfigurationReference = B8DD9E8A3F4E8456EE634ECC /* Pods-UrbanLifePlusApp.debug.xcconfig */;
			buildSettings = {
				ASSETCATALOG_COMPILER_APPICON_NAME = AppIcon;
				CODE_SIGN_ENTITLEMENTS = UrbanLifePlusApp/UrbanLifePlusApp.entitlements;
				CODE_SIGN_IDENTITY = "iPhone Developer";
				CODE_SIGN_STYLE = Manual;
				DEVELOPMENT_ASSET_PATHS = "\"UrbanLifePlusApp/Preview Content\"";
				DEVELOPMENT_TEAM = 6NEGL975FK;
				ENABLE_PREVIEWS = YES;
				INFOPLIST_FILE = UrbanLifePlusApp/Info.plist;
				LD_RUNPATH_SEARCH_PATHS = (
					"$(inherited)",
					"@executable_path/Frameworks",
				);
				OTHER_SWIFT_FLAGS = "$(inherited) -D COCOAPODS -DDEBUG";
				PRODUCT_BUNDLE_IDENTIFIER = net.hontheim.UrbanLifePlusApp;
				"PRODUCT_BUNDLE_IDENTIFIER[sdk=macosx*]" = net.hontheim.UrbanLifePlusApp.catalyst;
				PRODUCT_NAME = "$(TARGET_NAME)";
				PROVISIONING_PROFILE_SPECIFIER = "match Development net.hontheim.UrbanLifePlusApp";
				SUPPORTS_MACCATALYST = NO;
				SWIFT_VERSION = 5.0;
				TARGETED_DEVICE_FAMILY = 1;
				WATCHOS_DEPLOYMENT_TARGET = 6.0;
			};
			name = Debug;
		};
		2B8EC8DF24686C0400655D58 /* Release */ = {
			isa = XCBuildConfiguration;
			baseConfigurationReference = B1B23DE3145D5CFE4A1098AD /* Pods-UrbanLifePlusApp.release.xcconfig */;
			buildSettings = {
				ASSETCATALOG_COMPILER_APPICON_NAME = AppIcon;
				CODE_SIGN_ENTITLEMENTS = UrbanLifePlusApp/UrbanLifePlusApp.entitlements;
				CODE_SIGN_IDENTITY = "iPhone Distribution";
				CODE_SIGN_STYLE = Manual;
				DEVELOPMENT_ASSET_PATHS = "\"UrbanLifePlusApp/Preview Content\"";
				DEVELOPMENT_TEAM = 6NEGL975FK;
				ENABLE_PREVIEWS = YES;
				INFOPLIST_FILE = UrbanLifePlusApp/Info.plist;
				LD_RUNPATH_SEARCH_PATHS = (
					"$(inherited)",
					"@executable_path/Frameworks",
				);
				OTHER_SWIFT_FLAGS = "$(inherited) -D COCOAPODS -DRELEASE";
				PRODUCT_BUNDLE_IDENTIFIER = net.hontheim.UrbanLifePlusApp;
				"PRODUCT_BUNDLE_IDENTIFIER[sdk=macosx*]" = net.hontheim.UrbanLifePlusApp.catalyst;
				PRODUCT_NAME = "$(TARGET_NAME)";
				PROVISIONING_PROFILE_SPECIFIER = "match AdHoc net.hontheim.UrbanLifePlusApp";
				SUPPORTS_MACCATALYST = NO;
				SWIFT_VERSION = 5.0;
				TARGETED_DEVICE_FAMILY = 1;
				WATCHOS_DEPLOYMENT_TARGET = 6.0;
			};
			name = Release;
		};
		2B8EC8E424686C0400655D58 /* Debug */ = {
			isa = XCBuildConfiguration;
			baseConfigurationReference = 9D59B43458235EB3B9AB0088 /* Pods-UrbanLifePlusApp-AutomatedSnapshots.debug.xcconfig */;
			buildSettings = {
				ALWAYS_EMBED_SWIFT_STANDARD_LIBRARIES = YES;
				CODE_SIGN_IDENTITY = "Apple Development";
				"CODE_SIGN_IDENTITY[sdk=macosx*]" = "Apple Development";
				CODE_SIGN_STYLE = Automatic;
				DEVELOPMENT_TEAM = 6NEGL975FK;
				INFOPLIST_FILE = AutomatedSnapshots/Info.plist;
				LD_RUNPATH_SEARCH_PATHS = (
					"$(inherited)",
					"@executable_path/Frameworks",
					"@loader_path/Frameworks",
				);
				PRODUCT_BUNDLE_IDENTIFIER = net.hontheim.UrbanLifePlus.AutomatedSnapshots;
				PRODUCT_NAME = "$(TARGET_NAME)";
				PROVISIONING_PROFILE_SPECIFIER = "";
				"PROVISIONING_PROFILE_SPECIFIER[sdk=macosx*]" = "";
				SWIFT_VERSION = 5.0;
				TARGETED_DEVICE_FAMILY = "1,2";
				TEST_TARGET_NAME = UrbanLifePlusApp;
			};
			name = Debug;
		};
		2B8EC8E524686C0400655D58 /* Release */ = {
			isa = XCBuildConfiguration;
			baseConfigurationReference = 4E07A62D6FCF71D5027B3477 /* Pods-UrbanLifePlusApp-AutomatedSnapshots.release.xcconfig */;
			buildSettings = {
				ALWAYS_EMBED_SWIFT_STANDARD_LIBRARIES = YES;
				CODE_SIGN_IDENTITY = "Apple Development";
				"CODE_SIGN_IDENTITY[sdk=macosx*]" = "Apple Development";
				CODE_SIGN_STYLE = Automatic;
				DEVELOPMENT_TEAM = 6NEGL975FK;
				INFOPLIST_FILE = AutomatedSnapshots/Info.plist;
				LD_RUNPATH_SEARCH_PATHS = (
					"$(inherited)",
					"@executable_path/Frameworks",
					"@loader_path/Frameworks",
				);
				PRODUCT_BUNDLE_IDENTIFIER = net.hontheim.UrbanLifePlus.AutomatedSnapshots;
				PRODUCT_NAME = "$(TARGET_NAME)";
				PROVISIONING_PROFILE_SPECIFIER = "";
				"PROVISIONING_PROFILE_SPECIFIER[sdk=macosx*]" = "";
				SWIFT_VERSION = 5.0;
				TARGETED_DEVICE_FAMILY = "1,2";
				TEST_TARGET_NAME = UrbanLifePlusApp;
			};
			name = Release;
		};
/* End XCBuildConfiguration section */

/* Begin XCConfigurationList section */
		2B8EC87F24686BFF00655D58 /* Build configuration list for PBXProject "UrbanLifePlusApp" */ = {
			isa = XCConfigurationList;
			buildConfigurations = (
				2B8EC8D324686C0400655D58 /* Debug */,
				2B8EC8D424686C0400655D58 /* Release */,
			);
			defaultConfigurationIsVisible = 0;
			defaultConfigurationName = Release;
		};
		2B8EC8D524686C0400655D58 /* Build configuration list for PBXNativeTarget "UrbanLifePlusApp WatchKit Extension" */ = {
			isa = XCConfigurationList;
			buildConfigurations = (
				2B8EC8D624686C0400655D58 /* Debug */,
				2B8EC8D724686C0400655D58 /* Release */,
			);
			defaultConfigurationIsVisible = 0;
			defaultConfigurationName = Release;
		};
		2B8EC8D924686C0400655D58 /* Build configuration list for PBXNativeTarget "UrbanLifePlusApp WatchKit App" */ = {
			isa = XCConfigurationList;
			buildConfigurations = (
				2B8EC8DA24686C0400655D58 /* Debug */,
				2B8EC8DB24686C0400655D58 /* Release */,
			);
			defaultConfigurationIsVisible = 0;
			defaultConfigurationName = Release;
		};
		2B8EC8DD24686C0400655D58 /* Build configuration list for PBXNativeTarget "UrbanLifePlusApp" */ = {
			isa = XCConfigurationList;
			buildConfigurations = (
				2B8EC8DE24686C0400655D58 /* Debug */,
				2B8EC8DF24686C0400655D58 /* Release */,
			);
			defaultConfigurationIsVisible = 0;
			defaultConfigurationName = Release;
		};
		2B8EC8E324686C0400655D58 /* Build configuration list for PBXNativeTarget "AutomatedSnapshots" */ = {
			isa = XCConfigurationList;
			buildConfigurations = (
				2B8EC8E424686C0400655D58 /* Debug */,
				2B8EC8E524686C0400655D58 /* Release */,
			);
			defaultConfigurationIsVisible = 0;
			defaultConfigurationName = Release;
		};
/* End XCConfigurationList section */
	};
	rootObject = 2B8EC87C24686BFF00655D58 /* Project object */;
}
